PODS:
  - AFNetworking (3.2.0):
    - AFNetworking/NSURLSession (= 3.2.0)
    - AFNetworking/Reachability (= 3.2.0)
    - AFNetworking/Security (= 3.2.0)
    - AFNetworking/Serialization (= 3.2.0)
    - AFNetworking/UIKit (= 3.2.0)
  - AFNetworking/NSURLSession (3.2.0):
    - AFNetworking/Reachability
    - AFNetworking/Security
    - AFNetworking/Serialization
  - AFNetworking/Reachability (3.2.0)
  - AFNetworking/Security (3.2.0)
  - AFNetworking/Serialization (3.2.0)
  - AFNetworking/UIKit (3.2.0):
    - AFNetworking/NSURLSession
  - FFAPIsKit (0.1.0):
    - AFNetworking
    - FFToolsKit
  - FFToolsKit (0.1.0):
    - FMDB
    - MBProgressHUD
  - FMDB (2.7.2):
    - FMDB/standard (= 2.7.2)
  - FMDB/standard (2.7.2)
  - MBProgressHUD (1.1.0)

DEPENDENCIES:
  - FFAPIsKit (from `../`)

EXTERNAL SOURCES:
  FFAPIsKit:
    :path: ../

SPEC CHECKSUMS:
  AFNetworking: 8ac6017b94ea105479f7776e5288e48ae9c59bb4
  FFAPIsKit: d3982b4a58c510f4159a062b42be8ea7e58df2ec
  FFToolsKit: 52de792e39a9d5d758833904bd1aa3e4a00e179f
  FMDB: 6198a90e7b6900cfc046e6bc0ef6ebb7be9236aa
  MBProgressHUD: e7baa36a220447d8aeb12769bf0585582f3866d9

PODFILE CHECKSUM: 697183aa1c8e4f720853fee2e4468b04a1092075

COCOAPODS: 1.4.0
